
Microsoft Visual Studio Solution File, Format Version 12.00
# Visual Studio Version 17
VisualStudioVersion = 17.5.33530.505
MinimumVisualStudioVersion = 10.0.40219.1
Project("{FAE04EC0-301F-11D3-BF4B-00C04F79EFBC}") = "只因了个只因FrameworkVer", "只因了个只因FrameworkVer.csproj", "{84927572-B48F-485E-BB93-B6C0143F90C6}"
EndProject
Global
	GlobalSection(SolutionConfigurationPlatforms) = preSolution
		Debug|Any CPU = Debug|Any CPU
		Release|Any CPU = Release|Any CPU
	EndGlobalSection
	GlobalSection(ProjectConfigurationPlatforms) = postSolution
		{84927572-B48F-485E-BB93-B6C0143F90C6}.Debug|Any CPU.ActiveCfg = Debug|Any CPU
		{84927572-B48F-485E-BB93-B6C0143F90C6}.Debug|Any CPU.Build.0 = Debug|Any CPU
		{84927572-B48F-485E-BB93-B6C0143F90C6}.Release|Any CPU.ActiveCfg = Release|Any CPU
		{84927572-B48F-485E-BB93-B6C0143F90C6}.Release|Any CPU.Build.0 = Release|Any CPU
	EndGlobalSection
	GlobalSection(SolutionProperties) = preSolution
		HideSolutionNode = FALSE
	EndGlobalSection
	GlobalSection(ExtensibilityGlobals) = postSolution
		SolutionGuid = {6315A51F-82C7-47D8-AF6F-A0027185F8DA}
	EndGlobalSection
EndGlobal
